
Microsoft Visual Studio Solution File, Format Version 12.00
# Visual Studio Version 17
VisualStudioVersion = 17.7.34221.43
MinimumVisualStudioVersion = 10.0.40219.1
Project("{9A19103F-16F7-4668-BE54-9A1E7A4F7556}") = "001_AsyncAwait", "AsyncAwaitOne\001_AsyncAwait.csproj", "{E0F83304-8889-4809-930A-6F95BA884CD8}"
EndProject
Project("{FAE04EC0-301F-11D3-BF4B-00C04F79EFBC}") = "002_AsyncAwait_DotPeek", "AsyncAwaitOneDotPeek\002_AsyncAwait_DotPeek.csproj", "{5738C9D2-1622-408A-AC55-6AABE89510C8}"
EndProject
Project("{FAE04EC0-301F-11D3-BF4B-00C04F79EFBC}") = "003_AsyncAwait_DotPeek_Clean", "AsyncAwaitOneDotPeekClean\003_AsyncAwait_DotPeek_Clean.csproj", "{01124994-E70A-40FB-AB62-0A7EFFC188D4}"
EndProject
Project("{FAE04EC0-301F-11D3-BF4B-00C04F79EFBC}") = "004_AsyncAwait", "AsyncAwaitTwo\004_AsyncAwait.csproj", "{EB8926ED-34C1-4E16-ACA1-D724CBA695F8}"
EndProject
Project("{FAE04EC0-301F-11D3-BF4B-00C04F79EFBC}") = "005_AsyncAwait_DotPeek_Clean", "AsyncAwaitTwoDotPeekClean\005_AsyncAwait_DotPeek_Clean.csproj", "{EC093E11-2283-496F-9585-92BBF6684B2B}"
EndProject
Project("{FAE04EC0-301F-11D3-BF4B-00C04F79EFBC}") = "006_AsyncAwait_DotPeek_Testing", "AsyncAwaitTwoDotPeekTesting\006_AsyncAwait_DotPeek_Testing.csproj", "{759D6450-C8F6-401D-B549-83CF6E14487F}"
EndProject
Project("{FAE04EC0-301F-11D3-BF4B-00C04F79EFBC}") = "007_Task_ReturnValue", "TaskReturnValueOne\007_Task_ReturnValue.csproj", "{8B243754-8CA4-4979-BE2F-BE00E835E3DD}"
EndProject
Global
	GlobalSection(SolutionConfigurationPlatforms) = preSolution
		Debug|Any CPU = Debug|Any CPU
		Release|Any CPU = Release|Any CPU
	EndGlobalSection
	GlobalSection(ProjectConfigurationPlatforms) = postSolution
		{E0F83304-8889-4809-930A-6F95BA884CD8}.Debug|Any CPU.ActiveCfg = Debug|Any CPU
		{E0F83304-8889-4809-930A-6F95BA884CD8}.Debug|Any CPU.Build.0 = Debug|Any CPU
		{E0F83304-8889-4809-930A-6F95BA884CD8}.Release|Any CPU.ActiveCfg = Release|Any CPU
		{E0F83304-8889-4809-930A-6F95BA884CD8}.Release|Any CPU.Build.0 = Release|Any CPU
		{5738C9D2-1622-408A-AC55-6AABE89510C8}.Debug|Any CPU.ActiveCfg = Debug|Any CPU
		{5738C9D2-1622-408A-AC55-6AABE89510C8}.Debug|Any CPU.Build.0 = Debug|Any CPU
		{5738C9D2-1622-408A-AC55-6AABE89510C8}.Release|Any CPU.ActiveCfg = Release|Any CPU
		{5738C9D2-1622-408A-AC55-6AABE89510C8}.Release|Any CPU.Build.0 = Release|Any CPU
		{01124994-E70A-40FB-AB62-0A7EFFC188D4}.Debug|Any CPU.ActiveCfg = Debug|Any CPU
		{01124994-E70A-40FB-AB62-0A7EFFC188D4}.Debug|Any CPU.Build.0 = Debug|Any CPU
		{01124994-E70A-40FB-AB62-0A7EFFC188D4}.Release|Any CPU.ActiveCfg = Release|Any CPU
		{01124994-E70A-40FB-AB62-0A7EFFC188D4}.Release|Any CPU.Build.0 = Release|Any CPU
		{EB8926ED-34C1-4E16-ACA1-D724CBA695F8}.Debug|Any CPU.ActiveCfg = Debug|Any CPU
		{EB8926ED-34C1-4E16-ACA1-D724CBA695F8}.Debug|Any CPU.Build.0 = Debug|Any CPU
		{EB8926ED-34C1-4E16-ACA1-D724CBA695F8}.Release|Any CPU.ActiveCfg = Release|Any CPU
		{EB8926ED-34C1-4E16-ACA1-D724CBA695F8}.Release|Any CPU.Build.0 = Release|Any CPU
		{EC093E11-2283-496F-9585-92BBF6684B2B}.Debug|Any CPU.ActiveCfg = Debug|Any CPU
		{EC093E11-2283-496F-9585-92BBF6684B2B}.Debug|Any CPU.Build.0 = Debug|Any CPU
		{EC093E11-2283-496F-9585-92BBF6684B2B}.Release|Any CPU.ActiveCfg = Release|Any CPU
		{EC093E11-2283-496F-9585-92BBF6684B2B}.Release|Any CPU.Build.0 = Release|Any CPU
		{759D6450-C8F6-401D-B549-83CF6E14487F}.Debug|Any CPU.ActiveCfg = Debug|Any CPU
		{759D6450-C8F6-401D-B549-83CF6E14487F}.Debug|Any CPU.Build.0 = Debug|Any CPU
		{759D6450-C8F6-401D-B549-83CF6E14487F}.Release|Any CPU.ActiveCfg = Release|Any CPU
		{759D6450-C8F6-401D-B549-83CF6E14487F}.Release|Any CPU.Build.0 = Release|Any CPU
		{8B243754-8CA4-4979-BE2F-BE00E835E3DD}.Debug|Any CPU.ActiveCfg = Debug|Any CPU
		{8B243754-8CA4-4979-BE2F-BE00E835E3DD}.Debug|Any CPU.Build.0 = Debug|Any CPU
		{8B243754-8CA4-4979-BE2F-BE00E835E3DD}.Release|Any CPU.ActiveCfg = Release|Any CPU
		{8B243754-8CA4-4979-BE2F-BE00E835E3DD}.Release|Any CPU.Build.0 = Release|Any CPU
	EndGlobalSection
	GlobalSection(SolutionProperties) = preSolution
		HideSolutionNode = FALSE
	EndGlobalSection
	GlobalSection(ExtensibilityGlobals) = postSolution
		SolutionGuid = {3A96EB00-96B2-4667-8677-FF91A8C9FB19}
	EndGlobalSection
EndGlobal
