
Microsoft Visual Studio Solution File, Format Version 12.00
# Visual Studio Version 17
VisualStudioVersion = 17.7.34221.43
MinimumVisualStudioVersion = 10.0.40219.1
Project("{9A19103F-16F7-4668-BE54-9A1E7A4F7556}") = "001_AsyncAwait", "AsyncAwaitOne\001_AsyncAwait.csproj", "{E0F83304-8889-4809-930A-6F95BA884CD8}"
EndProject
Project("{9A19103F-16F7-4668-BE54-9A1E7A4F7556}") = "002_AsyncAwait_DotPeek", "AsyncAwaitOneDotPeek\002_AsyncAwait_DotPeek.csproj", "{5738C9D2-1622-408A-AC55-6AABE89510C8}"
EndProject
Project("{9A19103F-16F7-4668-BE54-9A1E7A4F7556}") = "003_AsyncAwait_DotPeek_Clean", "AsyncAwaitOneDotPeekClean\003_AsyncAwait_DotPeek_Clean.csproj", "{01124994-E70A-40FB-AB62-0A7EFFC188D4}"
EndProject
Project("{9A19103F-16F7-4668-BE54-9A1E7A4F7556}") = "004_AsyncAwait", "AsyncAwaitTwo\004_AsyncAwait.csproj", "{EB8926ED-34C1-4E16-ACA1-D724CBA695F8}"
EndProject
Project("{9A19103F-16F7-4668-BE54-9A1E7A4F7556}") = "005_AsyncAwait_DotPeek_Clean", "AsyncAwaitTwoDotPeekClean\005_AsyncAwait_DotPeek_Clean.csproj", "{EC093E11-2283-496F-9585-92BBF6684B2B}"
EndProject
Project("{9A19103F-16F7-4668-BE54-9A1E7A4F7556}") = "006_AsyncAwait_DotPeek_Testing", "AsyncAwaitTwoDotPeekTesting\006_AsyncAwait_DotPeek_Testing.csproj", "{759D6450-C8F6-401D-B549-83CF6E14487F}"
EndProject
Project("{9A19103F-16F7-4668-BE54-9A1E7A4F7556}") = "007_Task_ReturnValue", "TaskReturnValueOne\007_Task_ReturnValue.csproj", "{8B243754-8CA4-4979-BE2F-BE00E835E3DD}"
EndProject
Project("{9A19103F-16F7-4668-BE54-9A1E7A4F7556}") = "008_Task_ReturnValue", "TaskReturnValueTwo\008_Task_ReturnValue.csproj", "{1D965218-5530-4C6D-BF43-B15BAC573E9F}"
EndProject
Project("{9A19103F-16F7-4668-BE54-9A1E7A4F7556}") = "009_Task_ReturnValue_DotPeek_Clean", "TaskReturnValueTwoDotPeekClean\009_Task_ReturnValue_DotPeek_Clean.csproj", "{557C86F2-045E-42C8-8D87-5C6367471171}"
EndProject
Project("{9A19103F-16F7-4668-BE54-9A1E7A4F7556}") = "010_AsyncAwait_Continuation", "AsyncAwaitContinuation\010_AsyncAwait_Continuation.csproj", "{D3E7556B-0D9C-458C-B9C4-0EA389B4C87F}"
EndProject
Project("{FAE04EC0-301F-11D3-BF4B-00C04F79EFBC}") = "011_AsyncAwait_Continuation_DotPeek", "AsyncAwaitContinuationDotPeek\011_AsyncAwait_Continuation_DotPeek.csproj", "{5787D399-10E3-4683-B099-1D05A1E3A25D}"
EndProject
Project("{FAE04EC0-301F-11D3-BF4B-00C04F79EFBC}") = "012_AsyncAwait_ReturnValue", "AsyncAwaitReturnValue\012_AsyncAwait_ReturnValue.csproj", "{879FD8A7-6144-4160-8A68-6F3554485012}"
EndProject
Project("{FAE04EC0-301F-11D3-BF4B-00C04F79EFBC}") = "013_AsyncAwait_ReturnValue_DotPeek", "AsyncAwaitReturnValueDotPeek\013_AsyncAwait_ReturnValue_DotPeek.csproj", "{9C98894B-867E-474D-BDC6-9E7C607FA45B}"
EndProject
Project("{FAE04EC0-301F-11D3-BF4B-00C04F79EFBC}") = "014_AsyncAwait_ReturnArgument", "AsyncAwaitReturnArgument\014_AsyncAwait_ReturnArgument.csproj", "{BDCC7E98-A398-4664-A8B8-3356AA4DEE8C}"
EndProject
Project("{FAE04EC0-301F-11D3-BF4B-00C04F79EFBC}") = "AsyncAwaitReturnArgumentDotPeek", "AsyncAwaitReturnArgumentDotPeek\AsyncAwaitReturnArgumentDotPeek.csproj", "{CC27E27D-4DDD-478B-9A31-9D449F4F72A9}"
EndProject
Global
	GlobalSection(SolutionConfigurationPlatforms) = preSolution
		Debug|Any CPU = Debug|Any CPU
		Release|Any CPU = Release|Any CPU
	EndGlobalSection
	GlobalSection(ProjectConfigurationPlatforms) = postSolution
		{E0F83304-8889-4809-930A-6F95BA884CD8}.Debug|Any CPU.ActiveCfg = Debug|Any CPU
		{E0F83304-8889-4809-930A-6F95BA884CD8}.Debug|Any CPU.Build.0 = Debug|Any CPU
		{E0F83304-8889-4809-930A-6F95BA884CD8}.Release|Any CPU.ActiveCfg = Release|Any CPU
		{E0F83304-8889-4809-930A-6F95BA884CD8}.Release|Any CPU.Build.0 = Release|Any CPU
		{5738C9D2-1622-408A-AC55-6AABE89510C8}.Debug|Any CPU.ActiveCfg = Debug|Any CPU
		{5738C9D2-1622-408A-AC55-6AABE89510C8}.Debug|Any CPU.Build.0 = Debug|Any CPU
		{5738C9D2-1622-408A-AC55-6AABE89510C8}.Release|Any CPU.ActiveCfg = Release|Any CPU
		{5738C9D2-1622-408A-AC55-6AABE89510C8}.Release|Any CPU.Build.0 = Release|Any CPU
		{01124994-E70A-40FB-AB62-0A7EFFC188D4}.Debug|Any CPU.ActiveCfg = Debug|Any CPU
		{01124994-E70A-40FB-AB62-0A7EFFC188D4}.Debug|Any CPU.Build.0 = Debug|Any CPU
		{01124994-E70A-40FB-AB62-0A7EFFC188D4}.Release|Any CPU.ActiveCfg = Release|Any CPU
		{01124994-E70A-40FB-AB62-0A7EFFC188D4}.Release|Any CPU.Build.0 = Release|Any CPU
		{EB8926ED-34C1-4E16-ACA1-D724CBA695F8}.Debug|Any CPU.ActiveCfg = Debug|Any CPU
		{EB8926ED-34C1-4E16-ACA1-D724CBA695F8}.Debug|Any CPU.Build.0 = Debug|Any CPU
		{EB8926ED-34C1-4E16-ACA1-D724CBA695F8}.Release|Any CPU.ActiveCfg = Release|Any CPU
		{EB8926ED-34C1-4E16-ACA1-D724CBA695F8}.Release|Any CPU.Build.0 = Release|Any CPU
		{EC093E11-2283-496F-9585-92BBF6684B2B}.Debug|Any CPU.ActiveCfg = Debug|Any CPU
		{EC093E11-2283-496F-9585-92BBF6684B2B}.Debug|Any CPU.Build.0 = Debug|Any CPU
		{EC093E11-2283-496F-9585-92BBF6684B2B}.Release|Any CPU.ActiveCfg = Release|Any CPU
		{EC093E11-2283-496F-9585-92BBF6684B2B}.Release|Any CPU.Build.0 = Release|Any CPU
		{759D6450-C8F6-401D-B549-83CF6E14487F}.Debug|Any CPU.ActiveCfg = Debug|Any CPU
		{759D6450-C8F6-401D-B549-83CF6E14487F}.Debug|Any CPU.Build.0 = Debug|Any CPU
		{759D6450-C8F6-401D-B549-83CF6E14487F}.Release|Any CPU.ActiveCfg = Release|Any CPU
		{759D6450-C8F6-401D-B549-83CF6E14487F}.Release|Any CPU.Build.0 = Release|Any CPU
		{8B243754-8CA4-4979-BE2F-BE00E835E3DD}.Debug|Any CPU.ActiveCfg = Debug|Any CPU
		{8B243754-8CA4-4979-BE2F-BE00E835E3DD}.Debug|Any CPU.Build.0 = Debug|Any CPU
		{8B243754-8CA4-4979-BE2F-BE00E835E3DD}.Release|Any CPU.ActiveCfg = Release|Any CPU
		{8B243754-8CA4-4979-BE2F-BE00E835E3DD}.Release|Any CPU.Build.0 = Release|Any CPU
		{1D965218-5530-4C6D-BF43-B15BAC573E9F}.Debug|Any CPU.ActiveCfg = Debug|Any CPU
		{1D965218-5530-4C6D-BF43-B15BAC573E9F}.Debug|Any CPU.Build.0 = Debug|Any CPU
		{1D965218-5530-4C6D-BF43-B15BAC573E9F}.Release|Any CPU.ActiveCfg = Release|Any CPU
		{1D965218-5530-4C6D-BF43-B15BAC573E9F}.Release|Any CPU.Build.0 = Release|Any CPU
		{557C86F2-045E-42C8-8D87-5C6367471171}.Debug|Any CPU.ActiveCfg = Debug|Any CPU
		{557C86F2-045E-42C8-8D87-5C6367471171}.Debug|Any CPU.Build.0 = Debug|Any CPU
		{557C86F2-045E-42C8-8D87-5C6367471171}.Release|Any CPU.ActiveCfg = Release|Any CPU
		{557C86F2-045E-42C8-8D87-5C6367471171}.Release|Any CPU.Build.0 = Release|Any CPU
		{D3E7556B-0D9C-458C-B9C4-0EA389B4C87F}.Debug|Any CPU.ActiveCfg = Debug|Any CPU
		{D3E7556B-0D9C-458C-B9C4-0EA389B4C87F}.Debug|Any CPU.Build.0 = Debug|Any CPU
		{D3E7556B-0D9C-458C-B9C4-0EA389B4C87F}.Release|Any CPU.ActiveCfg = Release|Any CPU
		{D3E7556B-0D9C-458C-B9C4-0EA389B4C87F}.Release|Any CPU.Build.0 = Release|Any CPU
		{5787D399-10E3-4683-B099-1D05A1E3A25D}.Debug|Any CPU.ActiveCfg = Debug|Any CPU
		{5787D399-10E3-4683-B099-1D05A1E3A25D}.Debug|Any CPU.Build.0 = Debug|Any CPU
		{5787D399-10E3-4683-B099-1D05A1E3A25D}.Release|Any CPU.ActiveCfg = Release|Any CPU
		{5787D399-10E3-4683-B099-1D05A1E3A25D}.Release|Any CPU.Build.0 = Release|Any CPU
		{879FD8A7-6144-4160-8A68-6F3554485012}.Debug|Any CPU.ActiveCfg = Debug|Any CPU
		{879FD8A7-6144-4160-8A68-6F3554485012}.Debug|Any CPU.Build.0 = Debug|Any CPU
		{879FD8A7-6144-4160-8A68-6F3554485012}.Release|Any CPU.ActiveCfg = Release|Any CPU
		{879FD8A7-6144-4160-8A68-6F3554485012}.Release|Any CPU.Build.0 = Release|Any CPU
		{9C98894B-867E-474D-BDC6-9E7C607FA45B}.Debug|Any CPU.ActiveCfg = Debug|Any CPU
		{9C98894B-867E-474D-BDC6-9E7C607FA45B}.Debug|Any CPU.Build.0 = Debug|Any CPU
		{9C98894B-867E-474D-BDC6-9E7C607FA45B}.Release|Any CPU.ActiveCfg = Release|Any CPU
		{9C98894B-867E-474D-BDC6-9E7C607FA45B}.Release|Any CPU.Build.0 = Release|Any CPU
		{BDCC7E98-A398-4664-A8B8-3356AA4DEE8C}.Debug|Any CPU.ActiveCfg = Debug|Any CPU
		{BDCC7E98-A398-4664-A8B8-3356AA4DEE8C}.Debug|Any CPU.Build.0 = Debug|Any CPU
		{BDCC7E98-A398-4664-A8B8-3356AA4DEE8C}.Release|Any CPU.ActiveCfg = Release|Any CPU
		{BDCC7E98-A398-4664-A8B8-3356AA4DEE8C}.Release|Any CPU.Build.0 = Release|Any CPU
		{CC27E27D-4DDD-478B-9A31-9D449F4F72A9}.Debug|Any CPU.ActiveCfg = Debug|Any CPU
		{CC27E27D-4DDD-478B-9A31-9D449F4F72A9}.Debug|Any CPU.Build.0 = Debug|Any CPU
		{CC27E27D-4DDD-478B-9A31-9D449F4F72A9}.Release|Any CPU.ActiveCfg = Release|Any CPU
		{CC27E27D-4DDD-478B-9A31-9D449F4F72A9}.Release|Any CPU.Build.0 = Release|Any CPU
	EndGlobalSection
	GlobalSection(SolutionProperties) = preSolution
		HideSolutionNode = FALSE
	EndGlobalSection
	GlobalSection(ExtensibilityGlobals) = postSolution
		SolutionGuid = {3A96EB00-96B2-4667-8677-FF91A8C9FB19}
	EndGlobalSection
EndGlobal
